github.com/decred/base58 v1.0.5 h1:hwcieUM3pfPnE/6p3J100zoRfGkQxBulZHo7GZfOqic=
github.com/decred/base58 v1.0.5/go.mod h1:s/8lukEHFA6bUQQb/v3rjUySJ2hu+RioCzLukAVkrfw=
github.com/decred/dcrd/crypto/blake256 v1.1.0 h1:zPMNGQCm0g4QTY27fOCorQW7EryeQ/U0x++OzVrdms8=
github.com/decred/dcrd/crypto/blake256 v1.1.0/go.mod h1:2OfgNZ5wDpcsFmHmCK5gZTPcCXqlm2ArzUIkw9czNJo=
github.com/decred/dcrd/dcrec/secp256k1/v4 v4.4.0 h1:NMZiJj8QnKe1LgsbDayM4UoHwbvwDRwnI3hwNaAHRnc=
github.com/decred/dcrd/dcrec/secp256k1/v4 v4.4.0/go.mod h1:ZXNYxsqcloTdSy/rNShjYzMhyjf0LaoftYK0p+A3h40=
github.com/glossd/fetch v1.0.1 h1:k43IPNBDDjzDOpGPmj9jukU3zKT8yWtyGK4IMMkHl3I=
github.com/glossd/fetch v1.0.1/go.mod h1:zIV0m9x5g9z4b0urwELyLJRI+FisrnnAH0I/pE+vJ1k=
github.com/glossd/fetch v1.0.2 h1:UVDX68+0GUfOnB0OKCDzzgmuHGBe0Kmf8UpoQd6d5l0=
github.com/glossd/fetch v1.0.2/go.mod h1:zIV0m9x5g9z4b0urwELyLJRI+FisrnnAH0I/pE+vJ1k=
github.com/glossd/memmq v0.2.0 h1:OxPLwjyJJQSC6uqfOodlOBR0W8LethTQtbFvl+as3Zc=
github.com/glossd/memmq v0.2.0/go.mod h1:ZpvnyA47D2GHLiyDQTWh8K60eoWHTCewYd47mHBTkH4=
github.com/google/uuid v1.6.0 h1:NIvaJDMOsjHA8n1jAhLSgzrAzy1Hgr+hNrb57e+94F0=
github.com/google/uuid v1.6.0/go.mod h1:TIyPZe4MgqvfeYDBFedMoGGpEw/LqOeaOT+nhxU+yHo=
github.com/gorilla/websocket v1.5.3 h1:saDtZ6Pbx/0u+bgYQ3q96pZgCzfhKXGPqt7kZ72aNNg=
github.com/gorilla/websocket v1.5.3/go.mod h1:YR8l580nyteQvAITg2hZ9XVh4b55+EU/adAjf1fMHhE=
golang.org/x/crypto v0.34.0/go.mod h1:dy7dXNW32cAb/6/PRuTNsix8T+vJAqvuIy5Bli/x0YQ=
golang.org/x/crypto v0.35.0 h1:b15kiHdrGCHrP6LvwaQ3c03kgNhhiMgvlhxHQhmg2Xs=
golang.org/x/crypto v0.35.0/go.mod h1:dy7dXNW32cAb/6/PRuTNsix8T+vJAqvuIy5Bli/x0YQ=
